
Microsoft Visual Studio Solution File, Format Version 12.00
# Visual Studio Version 17
VisualStudioVersion = 17.13.35806.99 d17.13
MinimumVisualStudioVersion = 10.0.40219.1
Project("{54A90642-561A-4BB1-A94E-469ADEE60C69}") = "jobsscraping.client", "jobsscraping.client\jobsscraping.client.esproj", "{64A1F281-F27F-302E-C334-0A664C07D5FB}"
EndProject
Project("{FAE04EC0-301F-11D3-BF4B-00C04F79EFBC}") = "JobsScraping.Server", "JobsScraping.Server\JobsScraping.Server.csproj", "{2FC6B50A-1B88-45BC-A98A-7AB094D51DEB}"
EndProject
Project("{888888A0-9F3D-457C-B088-3A5042F75D52}") = "JobsScraping.ScrapyAPI", "JobsScraping.ScrapyAPI\JobsScraping.ScrapyAPI.pyproj", "{24737F0E-6113-4C87-8A7B-3D460A0FA612}"
EndProject
Global
	GlobalSection(SolutionConfigurationPlatforms) = preSolution
		Debug|Any CPU = Debug|Any CPU
		Release|Any CPU = Release|Any CPU
	EndGlobalSection
	GlobalSection(ProjectConfigurationPlatforms) = postSolution
		{64A1F281-F27F-302E-C334-0A664C07D5FB}.Debug|Any CPU.ActiveCfg = Debug|Any CPU
		{64A1F281-F27F-302E-C334-0A664C07D5FB}.Debug|Any CPU.Build.0 = Debug|Any CPU
		{64A1F281-F27F-302E-C334-0A664C07D5FB}.Debug|Any CPU.Deploy.0 = Debug|Any CPU
		{64A1F281-F27F-302E-C334-0A664C07D5FB}.Release|Any CPU.ActiveCfg = Release|Any CPU
		{64A1F281-F27F-302E-C334-0A664C07D5FB}.Release|Any CPU.Build.0 = Release|Any CPU
		{64A1F281-F27F-302E-C334-0A664C07D5FB}.Release|Any CPU.Deploy.0 = Release|Any CPU
		{2FC6B50A-1B88-45BC-A98A-7AB094D51DEB}.Debug|Any CPU.ActiveCfg = Debug|Any CPU
		{2FC6B50A-1B88-45BC-A98A-7AB094D51DEB}.Debug|Any CPU.Build.0 = Debug|Any CPU
		{2FC6B50A-1B88-45BC-A98A-7AB094D51DEB}.Release|Any CPU.ActiveCfg = Release|Any CPU
		{2FC6B50A-1B88-45BC-A98A-7AB094D51DEB}.Release|Any CPU.Build.0 = Release|Any CPU
		{24737F0E-6113-4C87-8A7B-3D460A0FA612}.Debug|Any CPU.ActiveCfg = Debug|Any CPU
		{24737F0E-6113-4C87-8A7B-3D460A0FA612}.Release|Any CPU.ActiveCfg = Release|Any CPU
	EndGlobalSection
	GlobalSection(SolutionProperties) = preSolution
		HideSolutionNode = FALSE
	EndGlobalSection
	GlobalSection(ExtensibilityGlobals) = postSolution
		SolutionGuid = {A1DE6BB0-32DE-40FC-B5AA-0D09C9B9BE1E}
	EndGlobalSection
EndGlobal
